// !$*UTF8*$!
{
	archiveVersion = 1;
	classes = {
	};
	objectVersion = 77;
	objects = {

/* Begin PBXContainerItemProxy section */
		E47A02422D759868004B0C60 /* PBXContainerItemProxy */ = {
			isa = PBXContainerItemProxy;
			containerPortal = E47A02292D759867004B0C60 /* Project object */;
			proxyType = 1;
			remoteGlobalIDString = E47A02302D759867004B0C60;
			remoteInfo = EduskuntaFromWeb;
		};
		E47A024C2D759868004B0C60 /* PBXContainerItemProxy */ = {
			isa = PBXContainerItemProxy;
			containerPortal = E47A02292D759867004B0C60 /* Project object */;
			proxyType = 1;
			remoteGlobalIDString = E47A02302D759867004B0C60;
			remoteInfo = EduskuntaFromWeb;
		};
/* End PBXContainerItemProxy section */

/* Begin PBXFileReference section */
		E47A02312D759867004B0C60 /* EduskuntaFromWeb.app */ = {isa = PBXFileReference; explicitFileType = wrapper.application; includeInIndex = 0; path = EduskuntaFromWeb.app; sourceTree = BUILT_PRODUCTS_DIR; };
		E47A02412D759868004B0C60 /* EduskuntaFromWebTests.xctest */ = {isa = PBXFileReference; explicitFileType = wrapper.cfbundle; includeInIndex = 0; path = EduskuntaFromWebTests.xctest; sourceTree = BUILT_PRODUCTS_DIR; };
		E47A024B2D759868004B0C60 /* EduskuntaFromWebUITests.xctest */ = {isa = PBXFileReference; explicitFileType = wrapper.cfbundle; includeInIndex = 0; path = EduskuntaFromWebUITests.xctest; sourceTree = BUILT_PRODUCTS_DIR; };
/* End PBXFileReference section */

/* Begin PBXFileSystemSynchronizedRootGroup section */
		E47A02332D759867004B0C60 /* EduskuntaFromWeb */ = {
			isa = PBXFileSystemSynchronizedRootGroup;
			path = EduskuntaFromWeb;
			sourceTree = "<group>";
		};
		E47A02442D759868004B0C60 /* EduskuntaFromWebTests */ = {
			isa = PBXFileSystemSynchronizedRootGroup;
			path = EduskuntaFromWebTests;
			sourceTree = "<group>";
		};
		E47A024E2D759868004B0C60 /* EduskuntaFromWebUITests */ = {
			isa = PBXFileSystemSynchronizedRootGroup;
			path = EduskuntaFromWebUITests;
			sourceTree = "<group>";
		};
/* End PBXFileSystemSynchronizedRootGroup section */

/* Begin PBXFrameworksBuildPhase section */
		E47A022E2D759867004B0C60 /* Frameworks */ = {
			isa = PBXFrameworksBuildPhase;
			buildActionMask = 2147483647;
			files = (
			);
			runOnlyForDeploymentPostprocessing = 0;
		};
		E47A023E2D759868004B0C60 /* Frameworks */ = {
			isa = PBXFrameworksBuildPhase;
			buildActionMask = 2147483647;
			files = (
			);
			runOnlyForDeploymentPostprocessing = 0;
		};
		E47A02482D759868004B0C60 /* Frameworks */ = {
			isa = PBXFrameworksBuildPhase;
			buildActionMask = 2147483647;
			files = (
			);
			runOnlyForDeploymentPostprocessing = 0;
		};
/* End PBXFrameworksBuildPhase section */

/* Begin PBXGroup section */
		E47A02282D759867004B0C60 = {
			isa = PBXGroup;
			children = (
				E47A02332D759867004B0C60 /* EduskuntaFromWeb */,
				E47A02442D759868004B0C60 /* EduskuntaFromWebTests */,
				E47A024E2D759868004B0C60 /* EduskuntaFromWebUITests */,
				E47A02322D759867004B0C60 /* Products */,
			);
			sourceTree = "<group>";
		};
		E47A02322D759867004B0C60 /* Products */ = {
			isa = PBXGroup;
			children = (
				E47A02312D759867004B0C60 /* EduskuntaFromWeb.app */,
				E47A02412D759868004B0C60 /* EduskuntaFromWebTests.xctest */,
				E47A024B2D759868004B0C60 /* EduskuntaFromWebUITests.xctest */,
			);
			name = Products;
			sourceTree = "<group>";
		};
/* End PBXGroup section */

/* Begin PBXNativeTarget section */
		E47A02302D759867004B0C60 /* EduskuntaFromWeb */ = {
			isa = PBXNativeTarget;
			buildConfigurationList = E47A02552D759868004B0C60 /* Build configuration list for PBXNativeTarget "EduskuntaFromWeb" */;
			buildPhases = (
				E47A022D2D759867004B0C60 /* Sources */,
				E47A022E2D759867004B0C60 /* Frameworks */,
				E47A022F2D759867004B0C60 /* Resources */,
			);
			buildRules = (
			);
			dependencies = (
			);
			fileSystemSynchronizedGroups = (
				E47A02332D759867004B0C60 /* EduskuntaFromWeb */,
			);
			name = EduskuntaFromWeb;
			packageProductDependencies = (
			);
			productName = EduskuntaFromWeb;
			productReference = E47A02312D759867004B0C60 /* EduskuntaFromWeb.app */;
			productType = "com.apple.product-type.application";
		};
		E47A02402D759868004B0C60 /* EduskuntaFromWebTests */ = {
			isa = PBXNativeTarget;
			buildConfigurationList = E47A02582D759868004B0C60 /* Build configuration list for PBXNativeTarget "EduskuntaFromWebTests" */;
			buildPhases = (
				E47A023D2D759868004B0C60 /* Sources */,
				E47A023E2D759868004B0C60 /* Frameworks */,
				E47A023F2D759868004B0C60 /* Resources */,
			);
			buildRules = (
			);
			dependencies = (
				E47A02432D759868004B0C60 /* PBXTargetDependency */,
			);
			fileSystemSynchronizedGroups = (
				E47A02442D759868004B0C60 /* EduskuntaFromWebTests */,
			);
			name = EduskuntaFromWebTests;
			packageProductDependencies = (
			);
			productName = EduskuntaFromWebTests;
			productReference = E47A02412D759868004B0C60 /* EduskuntaFromWebTests.xctest */;
			productType = "com.apple.product-type.bundle.unit-test";
		};
		E47A024A2D759868004B0C60 /* EduskuntaFromWebUITests */ = {
			isa = PBXNativeTarget;
			buildConfigurationList = E47A025B2D759868004B0C60 /* Build configuration list for PBXNativeTarget "EduskuntaFromWebUITests" */;
			buildPhases = (
				E47A02472D759868004B0C60 /* Sources */,
				E47A02482D759868004B0C60 /* Frameworks */,
				E47A02492D759868004B0C60 /* Resources */,
			);
			buildRules = (
			);
			dependencies = (
				E47A024D2D759868004B0C60 /* PBXTargetDependency */,
			);
			fileSystemSynchronizedGroups = (
				E47A024E2D759868004B0C60 /* EduskuntaFromWebUITests */,
			);
			name = EduskuntaFromWebUITests;
			packageProductDependencies = (
			);
			productName = EduskuntaFromWebUITests;
			productReference = E47A024B2D759868004B0C60 /* EduskuntaFromWebUITests.xctest */;
			productType = "com.apple.product-type.bundle.ui-testing";
		};
/* End PBXNativeTarget section */

/* Begin PBXProject section */
		E47A02292D759867004B0C60 /* Project object */ = {
			isa = PBXProject;
			attributes = {
				BuildIndependentTargetsInParallel = 1;
				LastSwiftUpdateCheck = 1620;
				LastUpgradeCheck = 1620;
				TargetAttributes = {
					E47A02302D759867004B0C60 = {
						CreatedOnToolsVersion = 16.2;
					};
					E47A02402D759868004B0C60 = {
						CreatedOnToolsVersion = 16.2;
						TestTargetID = E47A02302D759867004B0C60;
					};
					E47A024A2D759868004B0C60 = {
						CreatedOnToolsVersion = 16.2;
						TestTargetID = E47A02302D759867004B0C60;
					};
				};
			};
			buildConfigurationList = E47A022C2D759867004B0C60 /* Build configuration list for PBXProject "EduskuntaFromWeb" */;
			developmentRegion = en;
			hasScannedForEncodings = 0;
			knownRegions = (
				en,
				Base,
			);
			mainGroup = E47A02282D759867004B0C60;
			minimizedProjectReferenceProxies = 1;
			preferredProjectObjectVersion = 77;
			productRefGroup = E47A02322D759867004B0C60 /* Products */;
			projectDirPath = "";
			projectRoot = "";
			targets = (
				E47A02302D759867004B0C60 /* EduskuntaFromWeb */,
				E47A02402D759868004B0C60 /* EduskuntaFromWebTests */,
				E47A024A2D759868004B0C60 /* EduskuntaFromWebUITests */,
			);
		};
/* End PBXProject section */

/* Begin PBXResourcesBuildPhase section */
		E47A022F2D759867004B0C60 /* Resources */ = {
			isa = PBXResourcesBuildPhase;
			buildActionMask = 2147483647;
			files = (
			);
			runOnlyForDeploymentPostprocessing = 0;
		};
		E47A023F2D759868004B0C60 /* Resources */ = {
			isa = PBXResourcesBuildPhase;
			buildActionMask = 2147483647;
			files = (
			);
			runOnlyForDeploymentPostprocessing = 0;
		};
		E47A02492D759868004B0C60 /* Resources */ = {
			isa = PBXResourcesBuildPhase;
			buildActionMask = 2147483647;
			files = (
			);
			runOnlyForDeploymentPostprocessing = 0;
		};
/* End PBXResourcesBuildPhase section */

/* Begin PBXSourcesBuildPhase section */
		E47A022D2D759867004B0C60 /* Sources */ = {
			isa = PBXSourcesBuildPhase;
			buildActionMask = 2147483647;
			files = (
			);
			runOnlyForDeploymentPostprocessing = 0;
		};
		E47A023D2D759868004B0C60 /* Sources */ = {
			isa = PBXSourcesBuildPhase;
			buildActionMask = 2147483647;
			files = (
			);
			runOnlyForDeploymentPostprocessing = 0;
		};
		E47A02472D759868004B0C60 /* Sources */ = {
			isa = PBXSourcesBuildPhase;
			buildActionMask = 2147483647;
			files = (
			);
			runOnlyForDeploymentPostprocessing = 0;
		};
/* End PBXSourcesBuildPhase section */

/* Begin PBXTargetDependency section */
		E47A02432D759868004B0C60 /* PBXTargetDependency */ = {
			isa = PBXTargetDependency;
			target = E47A02302D759867004B0C60 /* EduskuntaFromWeb */;
			targetProxy = E47A02422D759868004B0C60 /* PBXContainerItemProxy */;
		};
		E47A024D2D759868004B0C60 /* PBXTargetDependency */ = {
			isa = PBXTargetDependency;
			target = E47A02302D759867004B0C60 /* EduskuntaFromWeb */;
			targetProxy = E47A024C2D759868004B0C60 /* PBXContainerItemProxy */;
		};
/* End PBXTargetDependency section */

/* Begin XCBuildConfiguration section */
		E47A02532D759868004B0C60 /* Debug */ = {
			isa = XCBuildConfiguration;
			buildSettings = {
				ALWAYS_SEARCH_USER_PATHS = NO;
				ASSETCATALOG_COMPILER_GENERATE_SWIFT_ASSET_SYMBOL_EXTENSIONS = YES;
				CLANG_ANALYZER_NONNULL = YES;
				CLANG_ANALYZER_NUMBER_OBJECT_CONVERSION = YES_AGGRESSIVE;
				CLANG_CXX_LANGUAGE_STANDARD = "gnu++20";
				CLANG_ENABLE_MODULES = YES;
				CLANG_ENABLE_OBJC_ARC = YES;
				CLANG_ENABLE_OBJC_WEAK = YES;
				CLANG_WARN_BLOCK_CAPTURE_AUTORELEASING = YES;
				CLANG_WARN_BOOL_CONVERSION = YES;
				CLANG_WARN_COMMA = YES;
				CLANG_WARN_CONSTANT_CONVERSION = YES;
				CLANG_WARN_DEPRECATED_OBJC_IMPLEMENTATIONS = YES;
				CLANG_WARN_DIRECT_OBJC_ISA_USAGE = YES_ERROR;
				CLANG_WARN_DOCUMENTATION_COMMENTS = YES;
				CLANG_WARN_EMPTY_BODY = YES;
				CLANG_WARN_ENUM_CONVERSION = YES;
				CLANG_WARN_INFINITE_RECURSION = YES;
				CLANG_WARN_INT_CONVERSION = YES;
				CLANG_WARN_NON_LITERAL_NULL_CONVERSION = YES;
				CLANG_WARN_OBJC_IMPLICIT_RETAIN_SELF = YES;
				CLANG_WARN_OBJC_LITERAL_CONVERSION = YES;
				CLANG_WARN_OBJC_ROOT_CLASS = YES_ERROR;
				CLANG_WARN_QUOTED_INCLUDE_IN_FRAMEWORK_HEADER = YES;
				CLANG_WARN_RANGE_LOOP_ANALYSIS = YES;
				CLANG_WARN_STRICT_PROTOTYPES = YES;
				CLANG_WARN_SUSPICIOUS_MOVE = YES;
				CLANG_WARN_UNGUARDED_AVAILABILITY = YES_AGGRESSIVE;
				CLANG_WARN_UNREACHABLE_CODE = YES;
				CLANG_WARN__DUPLICATE_METHOD_MATCH = YES;
				COPY_PHASE_STRIP = NO;
				DEBUG_INFORMATION_FORMAT = dwarf;
				ENABLE_STRICT_OBJC_MSGSEND = YES;
				ENABLE_TESTABILITY = YES;
				ENABLE_USER_SCRIPT_SANDBOXING = YES;
				GCC_C_LANGUAGE_STANDARD = gnu17;
				GCC_DYNAMIC_NO_PIC = NO;
				GCC_NO_COMMON_BLOCKS = YES;
				GCC_OPTIMIZATION_LEVEL = 0;
				GCC_PREPROCESSOR_DEFINITIONS = (
					"DEBUG=1",
					"$(inherited)",
				);
				GCC_WARN_64_TO_32_BIT_CONVERSION = YES;
				GCC_WARN_ABOUT_RETURN_TYPE = YES_ERROR;
				GCC_WARN_UNDECLARED_SELECTOR = YES;
				GCC_WARN_UNINITIALIZED_AUTOS = YES_AGGRESSIVE;
				GCC_WARN_UNUSED_FUNCTION = YES;
				GCC_WARN_UNUSED_VARIABLE = YES;
				IPHONEOS_DEPLOYMENT_TARGET = 18.2;
				LOCALIZATION_PREFERS_STRING_CATALOGS = YES;
				MTL_ENABLE_DEBUG_INFO = INCLUDE_SOURCE;
				MTL_FAST_MATH = YES;
				ONLY_ACTIVE_ARCH = YES;
				SDKROOT = iphoneos;
				SWIFT_ACTIVE_COMPILATION_CONDITIONS = "DEBUG $(inherited)";
				SWIFT_OPTIMIZATION_LEVEL = "-Onone";
			};
			name = Debug;
		};
		E47A02542D759868004B0C60 /* Release */ = {
			isa = XCBuildConfiguration;
			buildSettings = {
				ALWAYS_SEARCH_USER_PATHS = NO;
				ASSETCATALOG_COMPILER_GENERATE_SWIFT_ASSET_SYMBOL_EXTENSIONS = YES;
				CLANG_ANALYZER_NONNULL = YES;
				CLANG_ANALYZER_NUMBER_OBJECT_CONVERSION = YES_AGGRESSIVE;
				CLANG_CXX_LANGUAGE_STANDARD = "gnu++20";
				CLANG_ENABLE_MODULES = YES;
				CLANG_ENABLE_OBJC_ARC = YES;
				CLANG_ENABLE_OBJC_WEAK = YES;
				CLANG_WARN_BLOCK_CAPTURE_AUTORELEASING = YES;
				CLANG_WARN_BOOL_CONVERSION = YES;
				CLANG_WARN_COMMA = YES;
				CLANG_WARN_CONSTANT_CONVERSION = YES;
				CLANG_WARN_DEPRECATED_OBJC_IMPLEMENTATIONS = YES;
				CLANG_WARN_DIRECT_OBJC_ISA_USAGE = YES_ERROR;
				CLANG_WARN_DOCUMENTATION_COMMENTS = YES;
				CLANG_WARN_EMPTY_BODY = YES;
				CLANG_WARN_ENUM_CONVERSION = YES;
				CLANG_WARN_INFINITE_RECURSION = YES;
				CLANG_WARN_INT_CONVERSION = YES;
				CLANG_WARN_NON_LITERAL_NULL_CONVERSION = YES;
				CLANG_WARN_OBJC_IMPLICIT_RETAIN_SELF = YES;
				CLANG_WARN_OBJC_LITERAL_CONVERSION = YES;
				CLANG_WARN_OBJC_ROOT_CLASS = YES_ERROR;
				CLANG_WARN_QUOTED_INCLUDE_IN_FRAMEWORK_HEADER = YES;
				CLANG_WARN_RANGE_LOOP_ANALYSIS = YES;
				CLANG_WARN_STRICT_PROTOTYPES = YES;
				CLANG_WARN_SUSPICIOUS_MOVE = YES;
				CLANG_WARN_UNGUARDED_AVAILABILITY = YES_AGGRESSIVE;
				CLANG_WARN_UNREACHABLE_CODE = YES;
				CLANG_WARN__DUPLICATE_METHOD_MATCH = YES;
				COPY_PHASE_STRIP = NO;
				DEBUG_INFORMATION_FORMAT = "dwarf-with-dsym";
				ENABLE_NS_ASSERTIONS = NO;
				ENABLE_STRICT_OBJC_MSGSEND = YES;
				ENABLE_USER_SCRIPT_SANDBOXING = YES;
				GCC_C_LANGUAGE_STANDARD = gnu17;
				GCC_NO_COMMON_BLOCKS = YES;
				GCC_WARN_64_TO_32_BIT_CONVERSION = YES;
				GCC_WARN_ABOUT_RETURN_TYPE = YES_ERROR;
				GCC_WARN_UNDECLARED_SELECTOR = YES;
				GCC_WARN_UNINITIALIZED_AUTOS = YES_AGGRESSIVE;
				GCC_WARN_UNUSED_FUNCTION = YES;
				GCC_WARN_UNUSED_VARIABLE = YES;
				IPHONEOS_DEPLOYMENT_TARGET = 18.2;
				LOCALIZATION_PREFERS_STRING_CATALOGS = YES;
				MTL_ENABLE_DEBUG_INFO = NO;
				MTL_FAST_MATH = YES;
				SDKROOT = iphoneos;
				SWIFT_COMPILATION_MODE = wholemodule;
				VALIDATE_PRODUCT = YES;
			};
			name = Release;
		};
		E47A02562D759868004B0C60 /* Debug */ = {
			isa = XCBuildConfiguration;
			buildSettings = {
				ASSETCATALOG_COMPILER_APPICON_NAME = AppIcon;
				ASSETCATALOG_COMPILER_GLOBAL_ACCENT_COLOR_NAME = AccentColor;
				CODE_SIGN_STYLE = Automatic;
				CURRENT_PROJECT_VERSION = 1;
				DEVELOPMENT_ASSET_PATHS = "\"EduskuntaFromWeb/Preview Content\"";
				ENABLE_PREVIEWS = YES;
				GENERATE_INFOPLIST_FILE = YES;
				INFOPLIST_KEY_UIApplicationSceneManifest_Generation = YES;
				INFOPLIST_KEY_UIApplicationSupportsIndirectInputEvents = YES;
				INFOPLIST_KEY_UILaunchScreen_Generation = YES;
				INFOPLIST_KEY_UISupportedInterfaceOrientations_iPad = "UIInterfaceOrientationPortrait UIInterfaceOrientationPortraitUpsideDown UIInterfaceOrientationLandscapeLeft UIInterfaceOrientationLandscapeRight";
				INFOPLIST_KEY_UISupportedInterfaceOrientations_iPhone = "UIInterfaceOrientationPortrait UIInterfaceOrientationLandscapeLeft UIInterfaceOrientationLandscapeRight";
				LD_RUNPATH_SEARCH_PATHS = (
					"$(inherited)",
					"@executable_path/Frameworks",
				);
				MARKETING_VERSION = 1.0;
				PRODUCT_BUNDLE_IDENTIFIER = mika.EduskuntaFromWeb;
				PRODUCT_NAME = "$(TARGET_NAME)";
				SWIFT_EMIT_LOC_STRINGS = YES;
				SWIFT_VERSION = 5.0;
				TARGETED_DEVICE_FAMILY = "1,2";
			};
			name = Debug;
		};
		E47A02572D759868004B0C60 /* Release */ = {
			isa = XCBuildConfiguration;
			buildSettings = {
				ASSETCATALOG_COMPILER_APPICON_NAME = AppIcon;
				ASSETCATALOG_COMPILER_GLOBAL_ACCENT_COLOR_NAME = AccentColor;
				CODE_SIGN_STYLE = Automatic;
				CURRENT_PROJECT_VERSION = 1;
				DEVELOPMENT_ASSET_PATHS = "\"EduskuntaFromWeb/Preview Content\"";
				ENABLE_PREVIEWS = YES;
				GENERATE_INFOPLIST_FILE = YES;
				INFOPLIST_KEY_UIApplicationSceneManifest_Generation = YES;
				INFOPLIST_KEY_UIApplicationSupportsIndirectInputEvents = YES;
				INFOPLIST_KEY_UILaunchScreen_Generation = YES;
				INFOPLIST_KEY_UISupportedInterfaceOrientations_iPad = "UIInterfaceOrientationPortrait UIInterfaceOrientationPortraitUpsideDown UIInterfaceOrientationLandscapeLeft UIInterfaceOrientationLandscapeRight";
				INFOPLIST_KEY_UISupportedInterfaceOrientations_iPhone = "UIInterfaceOrientationPortrait UIInterfaceOrientationLandscapeLeft UIInterfaceOrientationLandscapeRight";
				LD_RUNPATH_SEARCH_PATHS = (
					"$(inherited)",
					"@executable_path/Frameworks",
				);
				MARKETING_VERSION = 1.0;
				PRODUCT_BUNDLE_IDENTIFIER = mika.EduskuntaFromWeb;
				PRODUCT_NAME = "$(TARGET_NAME)";
				SWIFT_EMIT_LOC_STRINGS = YES;
				SWIFT_VERSION = 5.0;
				TARGETED_DEVICE_FAMILY = "1,2";
			};
			name = Release;
		};
		E47A02592D759868004B0C60 /* Debug */ = {
			isa = XCBuildConfiguration;
			buildSettings = {
				BUNDLE_LOADER = "$(TEST_HOST)";
				CODE_SIGN_STYLE = Automatic;
				CURRENT_PROJECT_VERSION = 1;
				GENERATE_INFOPLIST_FILE = YES;
				IPHONEOS_DEPLOYMENT_TARGET = 18.2;
				MARKETING_VERSION = 1.0;
				PRODUCT_BUNDLE_IDENTIFIER = mika.EduskuntaFromWebTests;
				PRODUCT_NAME = "$(TARGET_NAME)";
				SWIFT_EMIT_LOC_STRINGS = NO;
				SWIFT_VERSION = 5.0;
				TARGETED_DEVICE_FAMILY = "1,2";
				TEST_HOST = "$(BUILT_PRODUCTS_DIR)/EduskuntaFromWeb.app/$(BUNDLE_EXECUTABLE_FOLDER_PATH)/EduskuntaFromWeb";
			};
			name = Debug;
		};
		E47A025A2D759868004B0C60 /* Release */ = {
			isa = XCBuildConfiguration;
			buildSettings = {
				BUNDLE_LOADER = "$(TEST_HOST)";
				CODE_SIGN_STYLE = Automatic;
				CURRENT_PROJECT_VERSION = 1;
				GENERATE_INFOPLIST_FILE = YES;
				IPHONEOS_DEPLOYMENT_TARGET = 18.2;
				MARKETING_VERSION = 1.0;
				PRODUCT_BUNDLE_IDENTIFIER = mika.EduskuntaFromWebTests;
				PRODUCT_NAME = "$(TARGET_NAME)";
				SWIFT_EMIT_LOC_STRINGS = NO;
				SWIFT_VERSION = 5.0;
				TARGETED_DEVICE_FAMILY = "1,2";
				TEST_HOST = "$(BUILT_PRODUCTS_DIR)/EduskuntaFromWeb.app/$(BUNDLE_EXECUTABLE_FOLDER_PATH)/EduskuntaFromWeb";
			};
			name = Release;
		};
		E47A025C2D759868004B0C60 /* Debug */ = {
			isa = XCBuildConfiguration;
			buildSettings = {
				CODE_SIGN_STYLE = Automatic;
				CURRENT_PROJECT_VERSION = 1;
				GENERATE_INFOPLIST_FILE = YES;
				MARKETING_VERSION = 1.0;
				PRODUCT_BUNDLE_IDENTIFIER = mika.EduskuntaFromWebUITests;
				PRODUCT_NAME = "$(TARGET_NAME)";
				SWIFT_EMIT_LOC_STRINGS = NO;
				SWIFT_VERSION = 5.0;
				TARGETED_DEVICE_FAMILY = "1,2";
				TEST_TARGET_NAME = EduskuntaFromWeb;
			};
			name = Debug;
		};
		E47A025D2D759868004B0C60 /* Release */ = {
			isa = XCBuildConfiguration;
			buildSettings = {
				CODE_SIGN_STYLE = Automatic;
				CURRENT_PROJECT_VERSION = 1;
				GENERATE_INFOPLIST_FILE = YES;
				MARKETING_VERSION = 1.0;
				PRODUCT_BUNDLE_IDENTIFIER = mika.EduskuntaFromWebUITests;
				PRODUCT_NAME = "$(TARGET_NAME)";
				SWIFT_EMIT_LOC_STRINGS = NO;
				SWIFT_VERSION = 5.0;
				TARGETED_DEVICE_FAMILY = "1,2";
				TEST_TARGET_NAME = EduskuntaFromWeb;
			};
			name = Release;
		};
/* End XCBuildConfiguration section */

/* Begin XCConfigurationList section */
		E47A022C2D759867004B0C60 /* Build configuration list for PBXProject "EduskuntaFromWeb" */ = {
			isa = XCConfigurationList;
			buildConfigurations = (
				E47A02532D759868004B0C60 /* Debug */,
				E47A02542D759868004B0C60 /* Release */,
			);
			defaultConfigurationIsVisible = 0;
			defaultConfigurationName = Release;
		};
		E47A02552D759868004B0C60 /* Build configuration list for PBXNativeTarget "EduskuntaFromWeb" */ = {
			isa = XCConfigurationList;
			buildConfigurations = (
				E47A02562D759868004B0C60 /* Debug */,
				E47A02572D759868004B0C60 /* Release */,
			);
			defaultConfigurationIsVisible = 0;
			defaultConfigurationName = Release;
		};
		E47A02582D759868004B0C60 /* Build configuration list for PBXNativeTarget "EduskuntaFromWebTests" */ = {
			isa = XCConfigurationList;
			buildConfigurations = (
				E47A02592D759868004B0C60 /* Debug */,
				E47A025A2D759868004B0C60 /* Release */,
			);
			defaultConfigurationIsVisible = 0;
			defaultConfigurationName = Release;
		};
		E47A025B2D759868004B0C60 /* Build configuration list for PBXNativeTarget "EduskuntaFromWebUITests" */ = {
			isa = XCConfigurationList;
			buildConfigurations = (
				E47A025C2D759868004B0C60 /* Debug */,
				E47A025D2D759868004B0C60 /* Release */,
			);
			defaultConfigurationIsVisible = 0;
			defaultConfigurationName = Release;
		};
/* End XCConfigurationList section */
	};
	rootObject = E47A02292D759867004B0C60 /* Project object */;
}
